<?xml version="1.0" encoding="utf-8"?>
<Project ToolsVersion="4.0" xmlns="http://schemas.microsoft.com/developer/msbuild/2003">
  <ItemGroup>
    <ClCompile Include="fv1-emu.cpp" />
    <ClCompile Include="Manager\MemoryManager.cpp">
      <Filter>Manager</Filter>
    </ClCompile>
    <ClCompile Include="Manager\TimerManager.cpp">
      <Filter>Manager</Filter>
    </ClCompile>
    <ClCompile Include="Services\FV1.cpp">
      <Filter>Services</Filter>
    </ClCompile>
    <ClCompile Include="Services\Lexer.cpp">
      <Filter>Services</Filter>
    </ClCompile>
    <ClCompile Include="Utilities\MathUtils.cpp">
      <Filter>Utilities</Filter>
    </ClCompile>
    <ClCompile Include="Utilities\ParseUtil.cpp">
      <Filter>Utilities</Filter>
    </ClCompile>
    <ClCompile Include="Utilities\SoundUtilities.cpp">
      <Filter>Utilities</Filter>
    </ClCompile>
    <ClCompile Include="Utilities\SCLog.cpp">
      <Filter>Utilities</Filter>
    </ClCompile>
    <ClCompile Include="Services\Parser.cpp">
      <Filter>Services</Filter>
    </ClCompile>
    <ClCompile Include="Manager\AudioStreamManager.cpp">
      <Filter>Manager</Filter>
    </ClCompile>
  </ItemGroup>
  <ItemGroup>
    <ClInclude Include="fv1-emu.h" />
    <ClInclude Include="targetver.h" />
    <ClInclude Include="Manager\MemoryManager.h">
      <Filter>Manager</Filter>
    </ClInclude>
    <ClInclude Include="Manager\TimerManager.h">
      <Filter>Manager</Filter>
    </ClInclude>
    <ClInclude Include="Services\FV1.h">
      <Filter>Services</Filter>
    </ClInclude>
    <ClInclude Include="Services\Lexer.h">
      <Filter>Services</Filter>
    </ClInclude>
    <ClInclude Include="Utilities\MathUtils.h">
      <Filter>Utilities</Filter>
    </ClInclude>
    <ClInclude Include="Utilities\ParseUtil.h">
      <Filter>Utilities</Filter>
    </ClInclude>
    <ClInclude Include="Utilities\SoundUtilities.h">
      <Filter>Utilities</Filter>
    </ClInclude>
    <ClInclude Include="Resource.h">
      <Filter>Resources</Filter>
    </ClInclude>
    <ClInclude Include="Utilities\SCLog.h">
      <Filter>Utilities</Filter>
    </ClInclude>
    <ClInclude Include="Services\Parser.h">
      <Filter>Services</Filter>
    </ClInclude>
    <ClInclude Include="Manager\AudioStreamManager.h">
      <Filter>Manager</Filter>
    </ClInclude>
  </ItemGroup>
  <ItemGroup>
    <Image Include="fv1-emu.ico">
      <Filter>Resources</Filter>
    </Image>
    <Image Include="small.ico">
      <Filter>Resources</Filter>
    </Image>
  </ItemGroup>
  <ItemGroup>
    <Text Include="ReadMe.txt" />
  </ItemGroup>
  <ItemGroup>
    <Filter Include="Manager">
      <UniqueIdentifier>{1df2745d-668c-4c3a-be8a-baa9b5a4a2d2}</UniqueIdentifier>
    </Filter>
    <Filter Include="Services">
      <UniqueIdentifier>{c345d3a8-04bd-4e1a-ba17-4c467c06d15c}</UniqueIdentifier>
    </Filter>
    <Filter Include="Utilities">
      <UniqueIdentifier>{aca36a8a-470c-4564-8c9e-81c7ee25a1e4}</UniqueIdentifier>
    </Filter>
    <Filter Include="Resources">
      <UniqueIdentifier>{d9654282-2198-483e-bd32-decf118e5cf9}</UniqueIdentifier>
    </Filter>
  </ItemGroup>
  <ItemGroup>
    <ResourceCompile Include="fv1-emu.rc">
      <Filter>Resources</Filter>
    </ResourceCompile>
  </ItemGroup>
</Project>